{
  "projects": [
    {
      "projectId": "gmeH6XgPaBtkt51HunAo4g",
      "version": "18.20.0",
      "dependencies": {},
      "lang": "ts",
      "fileLocks": [
        {
          "assetId": "gmeH6XgPaBtkt51HunAo4g",
          "type": "projectCss",
          "checksum": "1c02168c6b23256606111fdfdbb63549"
        }
      ],
      "codegenVersion": "0.0.1"
    },
    {
      "projectId": "noTA7aKy3vvJRvLc2vAqcb",
      "version": "latest",
      "dependencies": {
        "gmeH6XgPaBtkt51HunAo4g": "18.20.0"
      },
      "lang": "ts",
      "fileLocks": [
        {
          "type": "globalVariant",
          "assetId": "7tY6ZQaZlEHY",
          "checksum": "83ded720a3a403a8ab8c9c4e72b09f24"
        },
        {
          "type": "renderModule",
          "assetId": "9cPwYssFajVU",
          "checksum": "08322a6511c402fc65012da1f79ae861"
        },
        {
          "type": "cssRules",
          "assetId": "9cPwYssFajVU",
          "checksum": "08322a6511c402fc65012da1f79ae861"
        },
        {
          "type": "renderModule",
          "assetId": "rPxWExUUz7m1",
          "checksum": "df53fd51a5f6e667256818982b727513"
        },
        {
          "type": "cssRules",
          "assetId": "rPxWExUUz7m1",
          "checksum": "df53fd51a5f6e667256818982b727513"
        },
        {
          "type": "icon",
          "assetId": "20aMh9m3Yg-J",
          "checksum": "aea26e4450e96eeb37b6d8fb9cb39164"
        },
        {
          "type": "icon",
          "assetId": "7MTBC_oFyeeh",
          "checksum": "cd5a093770bc11cfacaf4e499895ff75"
        },
        {
          "type": "renderModule",
          "assetId": "zEbP8J2lEf8_",
          "checksum": "77f002f8ecca88bababae52a57e785ee"
        },
        {
          "type": "cssRules",
          "assetId": "zEbP8J2lEf8_",
          "checksum": "77f002f8ecca88bababae52a57e785ee"
        },
        {
          "type": "renderModule",
          "assetId": "jVIt2ZzM_8v2",
          "checksum": "a0988596c78b7494e2b31404ea32a6dd"
        },
        {
          "type": "cssRules",
          "assetId": "jVIt2ZzM_8v2",
          "checksum": "a0988596c78b7494e2b31404ea32a6dd"
        },
        {
          "type": "renderModule",
          "assetId": "BKsXUSUT_-kG",
          "checksum": "3b02e3e015e4062b0c955712d99bfd97"
        },
        {
          "type": "cssRules",
          "assetId": "BKsXUSUT_-kG",
          "checksum": "3b02e3e015e4062b0c955712d99bfd97"
        },
        {
          "type": "renderModule",
          "assetId": "kXIKZzql0ZBq",
          "checksum": "a7b8dc47506a1d4eb62fbde957ad5f3d"
        },
        {
          "type": "cssRules",
          "assetId": "kXIKZzql0ZBq",
          "checksum": "a7b8dc47506a1d4eb62fbde957ad5f3d"
        },
        {
          "type": "renderModule",
          "assetId": "je-pzjKv-O25",
          "checksum": "61af63435a4e60fa832b1bdb818a7b81"
        },
        {
          "type": "cssRules",
          "assetId": "je-pzjKv-O25",
          "checksum": "61af63435a4e60fa832b1bdb818a7b81"
        },
        {
          "assetId": "noTA7aKy3vvJRvLc2vAqcb",
          "type": "projectCss",
          "checksum": "bc1ed53182cd2c11339806a86f238f47"
        }
      ],
      "codegenVersion": "0.0.1"
    }
  ],
  "cliVersion": "0.1.340"
}
